// !$*UTF8*$!
{
	archiveVersion = 1;
	classes = {
	};
	objectVersion = 46;
	objects = {

/* Begin PBXBuildFile section */
		BD22E5781AD675EE0039DAE2 /* main.m in Sources */ = {isa = PBXBuildFile; fileRef = BD22E5771AD675EE0039DAE2 /* main.m */; };
		BD22E57B1AD675EE0039DAE2 /* AppDelegate.m in Sources */ = {isa = PBXBuildFile; fileRef = BD22E57A1AD675EE0039DAE2 /* AppDelegate.m */; };
		BD22E57E1AD675EE0039DAE2 /* ViewController.m in Sources */ = {isa = PBXBuildFile; fileRef = BD22E57D1AD675EE0039DAE2 /* ViewController.m */; };
		BD22E5811AD675EE0039DAE2 /* Main.storyboard in Resources */ = {isa = PBXBuildFile; fileRef = BD22E57F1AD675EE0039DAE2 /* Main.storyboard */; };
		BD22E5831AD675EE0039DAE2 /* Images.xcassets in Resources */ = {isa = PBXBuildFile; fileRef = BD22E5821AD675EE0039DAE2 /* Images.xcassets */; };
		BD22E5861AD675EE0039DAE2 /* LaunchScreen.xib in Resources */ = {isa = PBXBuildFile; fileRef = BD22E5841AD675EE0039DAE2 /* LaunchScreen.xib */; };
		BD22E5921AD675EE0039DAE2 /* TestPodTests.m in Sources */ = {isa = PBXBuildFile; fileRef = BD22E5911AD675EE0039DAE2 /* TestPodTests.m */; };
/* End PBXBuildFile section */

/* Begin PBXContainerItemProxy section */
		BD22E58C1AD675EE0039DAE2 /* PBXContainerItemProxy */ = {
			isa = PBXContainerItemProxy;
			containerPortal = BD22E56A1AD675ED0039DAE2 /* Project object */;
			proxyType = 1;
			remoteGlobalIDString = BD22E5711AD675EE0039DAE2;
			remoteInfo = TestPod;
		};
/* End PBXContainerItemProxy section */

/* Begin PBXFileReference section */
		BD22E5721AD675EE0039DAE2 /* TestPod.app */ = {isa = PBXFileReference; explicitFileType = wrapper.application; includeInIndex = 0; path = TestPod.app; sourceTree = BUILT_PRODUCTS_DIR; };
		BD22E5761AD675EE0039DAE2 /* Info.plist */ = {isa = PBXFileReference; lastKnownFileType = text.plist.xml; path = Info.plist; sourceTree = "<group>"; };
		BD22E5771AD675EE0039DAE2 /* main.m */ = {isa = PBXFileReference; lastKnownFileType = sourcecode.c.objc; path = main.m; sourceTree = "<group>"; };
		BD22E5791AD675EE0039DAE2 /* AppDelegate.h */ = {isa = PBXFileReference; lastKnownFileType = sourcecode.c.h; path = AppDelegate.h; sourceTree = "<group>"; };
		BD22E57A1AD675EE0039DAE2 /* AppDelegate.m */ = {isa = PBXFileReference; lastKnownFileType = sourcecode.c.objc; path = AppDelegate.m; sourceTree = "<group>"; };
		BD22E57C1AD675EE0039DAE2 /* ViewController.h */ = {isa = PBXFileReference; lastKnownFileType = sourcecode.c.h; path = ViewController.h; sourceTree = "<group>"; };
		BD22E57D1AD675EE0039DAE2 /* ViewController.m */ = {isa = PBXFileReference; lastKnownFileType = sourcecode.c.objc; path = ViewController.m; sourceTree = "<group>"; };
		BD22E5801AD675EE0039DAE2 /* Base */ = {isa = PBXFileReference; lastKnownFileType = file.storyboard; name = Base; path = Base.lproj/Main.storyboard; sourceTree = "<group>"; };
		BD22E5821AD675EE0039DAE2 /* Images.xcassets */ = {isa = PBXFileReference; lastKnownFileType = folder.assetcatalog; path = Images.xcassets; sourceTree = "<group>"; };
		BD22E5851AD675EE0039DAE2 /* Base */ = {isa = PBXFileReference; lastKnownFileType = file.xib; name = Base; path = Base.lproj/LaunchScreen.xib; sourceTree = "<group>"; };
		BD22E58B1AD675EE0039DAE2 /* TestPodTests.xctest */ = {isa = PBXFileReference; explicitFileType = wrapper.cfbundle; includeInIndex = 0; path = TestPodTests.xctest; sourceTree = BUILT_PRODUCTS_DIR; };
		BD22E5901AD675EE0039DAE2 /* Info.plist */ = {isa = PBXFileReference; lastKnownFileType = text.plist.xml; path = Info.plist; sourceTree = "<group>"; };
		BD22E5911AD675EE0039DAE2 /* TestPodTests.m */ = {isa = PBXFileReference; lastKnownFileType = sourcecode.c.objc; path = TestPodTests.m; sourceTree = "<group>"; };
/* End PBXFileReference section */

/* Begin PBXFrameworksBuildPhase section */
		BD22E56F1AD675EE0039DAE2 /* Frameworks */ = {
			isa = PBXFrameworksBuildPhase;
			buildActionMask = 2147483647;
			files = (
			);
			runOnlyForDeploymentPostprocessing = 0;
		};
		BD22E5881AD675EE0039DAE2 /* Frameworks */ = {
			isa = PBXFrameworksBuildPhase;
			buildActionMask = 2147483647;
			files = (
			);
			runOnlyForDeploymentPostprocessing = 0;
		};
/* End PBXFrameworksBuildPhase section */

/* Begin PBXGroup section */
		BD22E5691AD675ED0039DAE2 = {
			isa = PBXGroup;
			children = (
				BD22E5741AD675EE0039DAE2 /* TestPod */,
				BD22E58E1AD675EE0039DAE2 /* TestPodTests */,
				BD22E5731AD675EE0039DAE2 /* Products */,
			);
			sourceTree = "<group>";
		};
		BD22E5731AD675EE0039DAE2 /* Products */ = {
			isa = PBXGroup;
			children = (
				BD22E5721AD675EE0039DAE2 /* TestPod.app */,
				BD22E58B1AD675EE0039DAE2 /* TestPodTests.xctest */,
			);
			name = Products;
			sourceTree = "<group>";
		};
		BD22E5741AD675EE0039DAE2 /* TestPod */ = {
			isa = PBXGroup;
			children = (
				BD22E5791AD675EE0039DAE2 /* AppDelegate.h */,
				BD22E57A1AD675EE0039DAE2 /* AppDelegate.m */,
				BD22E57C1AD675EE0039DAE2 /* ViewController.h */,
				BD22E57D1AD675EE0039DAE2 /* ViewController.m */,
				BD22E57F1AD675EE0039DAE2 /* Main.storyboard */,
				BD22E5821AD675EE0039DAE2 /* Images.xcassets */,
				BD22E5841AD675EE0039DAE2 /* LaunchScreen.xib */,
				BD22E5751AD675EE0039DAE2 /* Supporting Files */,
			);
			path = TestPod;
			sourceTree = "<group>";
		};
		BD22E5751AD675EE0039DAE2 /* Supporting Files */ = {
			isa = PBXGroup;
			children = (
				BD22E5761AD675EE0039DAE2 /* Info.plist */,
				BD22E5771AD675EE0039DAE2 /* main.m */,
			);
			name = "Supporting Files";
			sourceTree = "<group>";
		};
		BD22E58E1AD675EE0039DAE2 /* TestPodTests */ = {
			isa = PBXGroup;
			children = (
				BD22E5911AD675EE0039DAE2 /* TestPodTests.m */,
				BD22E58F1AD675EE0039DAE2 /* Supporting Files */,
			);
			path = TestPodTests;
			sourceTree = "<group>";
		};
		BD22E58F1AD675EE0039DAE2 /* Supporting Files */ = {
			isa = PBXGroup;
			children = (
				BD22E5901AD675EE0039DAE2 /* Info.plist */,
			);
			name = "Supporting Files";
			sourceTree = "<group>";
		};
/* End PBXGroup section */

/* Begin PBXNativeTarget section */
		BD22E5711AD675EE0039DAE2 /* TestPod */ = {
			isa = PBXNativeTarget;
			buildConfigurationList = BD22E5951AD675EE0039DAE2 /* Build configuration list for PBXNativeTarget "TestPod" */;
			buildPhases = (
				BD22E56E1AD675EE0039DAE2 /* Sources */,
				BD22E56F1AD675EE0039DAE2 /* Frameworks */,
				BD22E5701AD675EE0039DAE2 /* Resources */,
			);
			buildRules = (
			);
			dependencies = (
			);
			name = TestPod;
			productName = TestPod;
			productReference = BD22E5721AD675EE0039DAE2 /* TestPod.app */;
			productType = "com.apple.product-type.application";
		};
		BD22E58A1AD675EE0039DAE2 /* TestPodTests */ = {
			isa = PBXNativeTarget;
			buildConfigurationList = BD22E5981AD675EE0039DAE2 /* Build configuration list for PBXNativeTarget "TestPodTests" */;
			buildPhases = (
				BD22E5871AD675EE0039DAE2 /* Sources */,
				BD22E5881AD675EE0039DAE2 /* Frameworks */,
				BD22E5891AD675EE0039DAE2 /* Resources */,
			);
			buildRules = (
			);
			dependencies = (
				BD22E58D1AD675EE0039DAE2 /* PBXTargetDependency */,
			);
			name = TestPodTests;
			productName = TestPodTests;
			productReference = BD22E58B1AD675EE0039DAE2 /* TestPodTests.xctest */;
			productType = "com.apple.product-type.bundle.unit-test";
		};
/* End PBXNativeTarget section */

/* Begin PBXProject section */
		BD22E56A1AD675ED0039DAE2 /* Project object */ = {
			isa = PBXProject;
			attributes = {
				LastUpgradeCheck = 0610;
				ORGANIZATIONNAME = "Rawafed Tech";
				TargetAttributes = {
					BD22E5711AD675EE0039DAE2 = {
						CreatedOnToolsVersion = 6.1.1;
					};
					BD22E58A1AD675EE0039DAE2 = {
						CreatedOnToolsVersion = 6.1.1;
						TestTargetID = BD22E5711AD675EE0039DAE2;
					};
				};
			};
			buildConfigurationList = BD22E56D1AD675ED0039DAE2 /* Build configuration list for PBXProject "TestPod" */;
			compatibilityVersion = "Xcode 3.2";
			developmentRegion = English;
			hasScannedForEncodings = 0;
			knownRegions = (
				en,
				Base,
			);
			mainGroup = BD22E5691AD675ED0039DAE2;
			productRefGroup = BD22E5731AD675EE0039DAE2 /* Products */;
			projectDirPath = "";
			projectRoot = "";
			targets = (
				BD22E5711AD675EE0039DAE2 /* TestPod */,
				BD22E58A1AD675EE0039DAE2 /* TestPodTests */,
			);
		};
/* End PBXProject section */

/* Begin PBXResourcesBuildPhase section */
		BD22E5701AD675EE0039DAE2 /* Resources */ = {
			isa = PBXResourcesBuildPhase;
			buildActionMask = 2147483647;
			files = (
				BD22E5811AD675EE0039DAE2 /* Main.storyboard in Resources */,
				BD22E5861AD675EE0039DAE2 /* LaunchScreen.xib in Resources */,
				BD22E5831AD675EE0039DAE2 /* Images.xcassets in Resources */,
			);
			runOnlyForDeploymentPostprocessing = 0;
		};
		BD22E5891AD675EE0039DAE2 /* Resources */ = {
			isa = PBXResourcesBuildPhase;
			buildActionMask = 2147483647;
			files = (
			);
			runOnlyForDeploymentPostprocessing = 0;
		};
/* End PBXResourcesBuildPhase section */

/* Begin PBXSourcesBuildPhase section */
		BD22E56E1AD675EE0039DAE2 /* Sources */ = {
			isa = PBXSourcesBuildPhase;
			buildActionMask = 2147483647;
			files = (
				BD22E57E1AD675EE0039DAE2 /* ViewController.m in Sources */,
				BD22E57B1AD675EE0039DAE2 /* AppDelegate.m in Sources */,
				BD22E5781AD675EE0039DAE2 /* main.m in Sources */,
			);
			runOnlyForDeploymentPostprocessing = 0;
		};
		BD22E5871AD675EE0039DAE2 /* Sources */ = {
			isa = PBXSourcesBuildPhase;
			buildActionMask = 2147483647;
			files = (
				BD22E5921AD675EE0039DAE2 /* TestPodTests.m in Sources */,
			);
			runOnlyForDeploymentPostprocessing = 0;
		};
/* End PBXSourcesBuildPhase section */

/* Begin PBXTargetDependency section */
		BD22E58D1AD675EE0039DAE2 /* PBXTargetDependency */ = {
			isa = PBXTargetDependency;
			target = BD22E5711AD675EE0039DAE2 /* TestPod */;
			targetProxy = BD22E58C1AD675EE0039DAE2 /* PBXContainerItemProxy */;
		};
/* End PBXTargetDependency section */

/* Begin PBXVariantGroup section */
		BD22E57F1AD675EE0039DAE2 /* Main.storyboard */ = {
			isa = PBXVariantGroup;
			children = (
				BD22E5801AD675EE0039DAE2 /* Base */,
			);
			name = Main.storyboard;
			sourceTree = "<group>";
		};
		BD22E5841AD675EE0039DAE2 /* LaunchScreen.xib */ = {
			isa = PBXVariantGroup;
			children = (
				BD22E5851AD675EE0039DAE2 /* Base */,
			);
			name = LaunchScreen.xib;
			sourceTree = "<group>";
		};
/* End PBXVariantGroup section */

/* Begin XCBuildConfiguration section */
		BD22E5931AD675EE0039DAE2 /* Debug */ = {
			isa = XCBuildConfiguration;
			buildSettings = {
				ALWAYS_SEARCH_USER_PATHS = NO;
				CLANG_CXX_LANGUAGE_STANDARD = "gnu++0x";
				CLANG_CXX_LIBRARY = "libc++";
				CLANG_ENABLE_MODULES = YES;
				CLANG_ENABLE_OBJC_ARC = YES;
				CLANG_WARN_BOOL_CONVERSION = YES;
				CLANG_WARN_CONSTANT_CONVERSION = YES;
				CLANG_WARN_DIRECT_OBJC_ISA_USAGE = YES_ERROR;
				CLANG_WARN_EMPTY_BODY = YES;
				CLANG_WARN_ENUM_CONVERSION = YES;
				CLANG_WARN_INT_CONVERSION = YES;
				CLANG_WARN_OBJC_ROOT_CLASS = YES_ERROR;
				CLANG_WARN_UNREACHABLE_CODE = YES;
				CLANG_WARN__DUPLICATE_METHOD_MATCH = YES;
				"CODE_SIGN_IDENTITY[sdk=iphoneos*]" = "iPhone Developer";
				COPY_PHASE_STRIP = NO;
				ENABLE_STRICT_OBJC_MSGSEND = YES;
				GCC_C_LANGUAGE_STANDARD = gnu99;
				GCC_DYNAMIC_NO_PIC = NO;
				GCC_OPTIMIZATION_LEVEL = 0;
				GCC_PREPROCESSOR_DEFINITIONS = (
					"DEBUG=1",
					"$(inherited)",
				);
				GCC_SYMBOLS_PRIVATE_EXTERN = NO;
				GCC_WARN_64_TO_32_BIT_CONVERSION = YES;
				GCC_WARN_ABOUT_RETURN_TYPE = YES_ERROR;
				GCC_WARN_UNDECLARED_SELECTOR = YES;
				GCC_WARN_UNINITIALIZED_AUTOS = YES_AGGRESSIVE;
				GCC_WARN_UNUSED_FUNCTION = YES;
				GCC_WARN_UNUSED_VARIABLE = YES;
				IPHONEOS_DEPLOYMENT_TARGET = 8.1;
				MTL_ENABLE_DEBUG_INFO = YES;
				ONLY_ACTIVE_ARCH = YES;
				SDKROOT = iphoneos;
			};
			name = Debug;
		};
		BD22E5941AD675EE0039DAE2 /* Release */ = {
			isa = XCBuildConfiguration;
			buildSettings = {
				ALWAYS_SEARCH_USER_PATHS = NO;
				CLANG_CXX_LANGUAGE_STANDARD = "gnu++0x";
				CLANG_CXX_LIBRARY = "libc++";
				CLANG_ENABLE_MODULES = YES;
				CLANG_ENABLE_OBJC_ARC = YES;
				CLANG_WARN_BOOL_CONVERSION = YES;
				CLANG_WARN_CONSTANT_CONVERSION = YES;
				CLANG_WARN_DIRECT_OBJC_ISA_USAGE = YES_ERROR;
				CLANG_WARN_EMPTY_BODY = YES;
				CLANG_WARN_ENUM_CONVERSION = YES;
				CLANG_WARN_INT_CONVERSION = YES;
				CLANG_WARN_OBJC_ROOT_CLASS = YES_ERROR;
				CLANG_WARN_UNREACHABLE_CODE = YES;
				CLANG_WARN__DUPLICATE_METHOD_MATCH = YES;
				"CODE_SIGN_IDENTITY[sdk=iphoneos*]" = "iPhone Developer";
				COPY_PHASE_STRIP = YES;
				ENABLE_NS_ASSERTIONS = NO;
				ENABLE_STRICT_OBJC_MSGSEND = YES;
				GCC_C_LANGUAGE_STANDARD = gnu99;
				GCC_WARN_64_TO_32_BIT_CONVERSION = YES;
				GCC_WARN_ABOUT_RETURN_TYPE = YES_ERROR;
				GCC_WARN_UNDECLARED_SELECTOR = YES;
				GCC_WARN_UNINITIALIZED_AUTOS = YES_AGGRESSIVE;
				GCC_WARN_UNUSED_FUNCTION = YES;
				GCC_WARN_UNUSED_VARIABLE = YES;
				IPHONEOS_DEPLOYMENT_TARGET = 8.1;
				MTL_ENABLE_DEBUG_INFO = NO;
				SDKROOT = iphoneos;
				VALIDATE_PRODUCT = YES;
			};
			name = Release;
		};
		BD22E5961AD675EE0039DAE2 /* Debug */ = {
			isa = XCBuildConfiguration;
			buildSettings = {
				ASSETCATALOG_COMPILER_APPICON_NAME = AppIcon;
				INFOPLIST_FILE = TestPod/Info.plist;
				LD_RUNPATH_SEARCH_PATHS = "$(inherited) @executable_path/Frameworks";
				PRODUCT_NAME = "$(TARGET_NAME)";
			};
			name = Debug;
		};
		BD22E5971AD675EE0039DAE2 /* Release */ = {
			isa = XCBuildConfiguration;
			buildSettings = {
				ASSETCATALOG_COMPILER_APPICON_NAME = AppIcon;
				INFOPLIST_FILE = TestPod/Info.plist;
				LD_RUNPATH_SEARCH_PATHS = "$(inherited) @executable_path/Frameworks";
				PRODUCT_NAME = "$(TARGET_NAME)";
			};
			name = Release;
		};
		BD22E5991AD675EE0039DAE2 /* Debug */ = {
			isa = XCBuildConfiguration;
			buildSettings = {
				BUNDLE_LOADER = "$(TEST_HOST)";
				FRAMEWORK_SEARCH_PATHS = (
					"$(SDKROOT)/Developer/Library/Frameworks",
					"$(inherited)",
				);
				GCC_PREPROCESSOR_DEFINITIONS = (
					"DEBUG=1",
					"$(inherited)",
				);
				INFOPLIST_FILE = TestPodTests/Info.plist;
				LD_RUNPATH_SEARCH_PATHS = "$(inherited) @executable_path/Frameworks @loader_path/Frameworks";
				PRODUCT_NAME = "$(TARGET_NAME)";
				TEST_HOST = "$(BUILT_PRODUCTS_DIR)/TestPod.app/TestPod";
			};
			name = Debug;
		};
		BD22E59A1AD675EE0039DAE2 /* Release */ = {
			isa = XCBuildConfiguration;
			buildSettings = {
				BUNDLE_LOADER = "$(TEST_HOST)";
				FRAMEWORK_SEARCH_PATHS = (
					"$(SDKROOT)/Developer/Library/Frameworks",
					"$(inherited)",
				);
				INFOPLIST_FILE = TestPodTests/Info.plist;
				LD_RUNPATH_SEARCH_PATHS = "$(inherited) @executable_path/Frameworks @loader_path/Frameworks";
				PRODUCT_NAME = "$(TARGET_NAME)";
				TEST_HOST = "$(BUILT_PRODUCTS_DIR)/TestPod.app/TestPod";
			};
			name = Release;
		};
/* End XCBuildConfiguration section */

/* Begin XCConfigurationList section */
		BD22E56D1AD675ED0039DAE2 /* Build configuration list for PBXProject "TestPod" */ = {
			isa = XCConfigurationList;
			buildConfigurations = (
				BD22E5931AD675EE0039DAE2 /* Debug */,
				BD22E5941AD675EE0039DAE2 /* Release */,
			);
			defaultConfigurationIsVisible = 0;
			defaultConfigurationName = Release;
		};
		BD22E5951AD675EE0039DAE2 /* Build configuration list for PBXNativeTarget "TestPod" */ = {
			isa = XCConfigurationList;
			buildConfigurations = (
				BD22E5961AD675EE0039DAE2 /* Debug */,
				BD22E5971AD675EE0039DAE2 /* Release */,
			);
			defaultConfigurationIsVisible = 0;
		};
		BD22E5981AD675EE0039DAE2 /* Build configuration list for PBXNativeTarget "TestPodTests" */ = {
			isa = XCConfigurationList;
			buildConfigurations = (
				BD22E5991AD675EE0039DAE2 /* Debug */,
				BD22E59A1AD675EE0039DAE2 /* Release */,
			);
			defaultConfigurationIsVisible = 0;
		};
/* End XCConfigurationList section */
	};
	rootObject = BD22E56A1AD675ED0039DAE2 /* Project object */;
}
